// !$*UTF8*$!
{
	archiveVersion = 1;
	classes = {
	};
	objectVersion = 50;
	objects = {

/* Begin PBXBuildFile section */
		12638A3BA5676BD46057DE6B /* Pods_Thien_Assignment.framework in Frameworks */ = {isa = PBXBuildFile; fileRef = 04FFB3D0AB39C9AEAEA13135 /* Pods_Thien_Assignment.framework */; };
		64EB781939AC462EFD319054 /* Pods_Thien_AssignmentTests.framework in Frameworks */ = {isa = PBXBuildFile; fileRef = 0DBF48CB40B3F83DA687CA2E /* Pods_Thien_AssignmentTests.framework */; };
		C2848BDE20E9DE3A0097181D /* CustomFlowLayout.swift in Sources */ = {isa = PBXBuildFile; fileRef = C2848BDD20E9DE3A0097181D /* CustomFlowLayout.swift */; };
		C2B79D8220E910590026385E /* ApplicationScheme.swift in Sources */ = {isa = PBXBuildFile; fileRef = C2B79D8120E910590026385E /* ApplicationScheme.swift */; };
		C2B79D8420E92F340026385E /* ProductCell.swift in Sources */ = {isa = PBXBuildFile; fileRef = C2B79D8320E92F340026385E /* ProductCell.swift */; };
		C2B79D8620E938430026385E /* Product.swift in Sources */ = {isa = PBXBuildFile; fileRef = C2B79D8520E938430026385E /* Product.swift */; };
		C2B79D8B20E93A050026385E /* ProviderHelper.swift in Sources */ = {isa = PBXBuildFile; fileRef = C2B79D8A20E93A050026385E /* ProviderHelper.swift */; };
		C2B79D8D20E93A460026385E /* ProductProvider.swift in Sources */ = {isa = PBXBuildFile; fileRef = C2B79D8C20E93A460026385E /* ProductProvider.swift */; };
		C2B79D9320E99A5D0026385E /* ProductViewModel.swift in Sources */ = {isa = PBXBuildFile; fileRef = C2B79D9220E99A5D0026385E /* ProductViewModel.swift */; };
		C2D9424220E90B4F007AB489 /* AppDelegate.swift in Sources */ = {isa = PBXBuildFile; fileRef = C2D9424120E90B4F007AB489 /* AppDelegate.swift */; };
		C2D9424420E90B4F007AB489 /* HomeViewController.swift in Sources */ = {isa = PBXBuildFile; fileRef = C2D9424320E90B4F007AB489 /* HomeViewController.swift */; };
		C2D9424720E90B4F007AB489 /* Main.storyboard in Resources */ = {isa = PBXBuildFile; fileRef = C2D9424520E90B4F007AB489 /* Main.storyboard */; };
		C2D9424920E90B52007AB489 /* Assets.xcassets in Resources */ = {isa = PBXBuildFile; fileRef = C2D9424820E90B52007AB489 /* Assets.xcassets */; };
		C2D9424C20E90B52007AB489 /* LaunchScreen.storyboard in Resources */ = {isa = PBXBuildFile; fileRef = C2D9424A20E90B52007AB489 /* LaunchScreen.storyboard */; };
		C2D9425720E90B52007AB489 /* Thien_AssignmentTests.swift in Sources */ = {isa = PBXBuildFile; fileRef = C2D9425620E90B52007AB489 /* Thien_AssignmentTests.swift */; };
		C2D9426220E90B52007AB489 /* Thien_AssignmentUITests.swift in Sources */ = {isa = PBXBuildFile; fileRef = C2D9426120E90B52007AB489 /* Thien_AssignmentUITests.swift */; };
		D113F38685ACAF000F9D7DF8 /* Pods_Thien_AssignmentUITests.framework in Frameworks */ = {isa = PBXBuildFile; fileRef = 28E1DD4FBD6EA831471E26AD /* Pods_Thien_AssignmentUITests.framework */; };
/* End PBXBuildFile section */

/* Begin PBXContainerItemProxy section */
		C2D9425320E90B52007AB489 /* PBXContainerItemProxy */ = {
			isa = PBXContainerItemProxy;
			containerPortal = C2D9423620E90B4F007AB489 /* Project object */;
			proxyType = 1;
			remoteGlobalIDString = C2D9423D20E90B4F007AB489;
			remoteInfo = "Thien Assignment";
		};
		C2D9425E20E90B52007AB489 /* PBXContainerItemProxy */ = {
			isa = PBXContainerItemProxy;
			containerPortal = C2D9423620E90B4F007AB489 /* Project object */;
			proxyType = 1;
			remoteGlobalIDString = C2D9423D20E90B4F007AB489;
			remoteInfo = "Thien Assignment";
		};
/* End PBXContainerItemProxy section */

/* Begin PBXFileReference section */
		04FFB3D0AB39C9AEAEA13135 /* Pods_Thien_Assignment.framework */ = {isa = PBXFileReference; explicitFileType = wrapper.framework; includeInIndex = 0; path = Pods_Thien_Assignment.framework; sourceTree = BUILT_PRODUCTS_DIR; };
		0DBF48CB40B3F83DA687CA2E /* Pods_Thien_AssignmentTests.framework */ = {isa = PBXFileReference; explicitFileType = wrapper.framework; includeInIndex = 0; path = Pods_Thien_AssignmentTests.framework; sourceTree = BUILT_PRODUCTS_DIR; };
		28E1DD4FBD6EA831471E26AD /* Pods_Thien_AssignmentUITests.framework */ = {isa = PBXFileReference; explicitFileType = wrapper.framework; includeInIndex = 0; path = Pods_Thien_AssignmentUITests.framework; sourceTree = BUILT_PRODUCTS_DIR; };
		436496BC9CF9B68FDE9B521B /* Pods-Thien Assignment.debug.xcconfig */ = {isa = PBXFileReference; includeInIndex = 1; lastKnownFileType = text.xcconfig; name = "Pods-Thien Assignment.debug.xcconfig"; path = "Pods/Target Support Files/Pods-Thien Assignment/Pods-Thien Assignment.debug.xcconfig"; sourceTree = "<group>"; };
		53F074CEBC4AC7D0F64E573C /* Pods-Thien AssignmentTests.release.xcconfig */ = {isa = PBXFileReference; includeInIndex = 1; lastKnownFileType = text.xcconfig; name = "Pods-Thien AssignmentTests.release.xcconfig"; path = "Pods/Target Support Files/Pods-Thien AssignmentTests/Pods-Thien AssignmentTests.release.xcconfig"; sourceTree = "<group>"; };
		7509205B8097D210F15048AA /* Pods-Thien Assignment.release.xcconfig */ = {isa = PBXFileReference; includeInIndex = 1; lastKnownFileType = text.xcconfig; name = "Pods-Thien Assignment.release.xcconfig"; path = "Pods/Target Support Files/Pods-Thien Assignment/Pods-Thien Assignment.release.xcconfig"; sourceTree = "<group>"; };
		92E6C65A5D558FBD3EF1F579 /* Pods-Thien AssignmentUITests.release.xcconfig */ = {isa = PBXFileReference; includeInIndex = 1; lastKnownFileType = text.xcconfig; name = "Pods-Thien AssignmentUITests.release.xcconfig"; path = "Pods/Target Support Files/Pods-Thien AssignmentUITests/Pods-Thien AssignmentUITests.release.xcconfig"; sourceTree = "<group>"; };
		A1669A93CCDBFE44707D6F70 /* Pods-Thien AssignmentUITests.debug.xcconfig */ = {isa = PBXFileReference; includeInIndex = 1; lastKnownFileType = text.xcconfig; name = "Pods-Thien AssignmentUITests.debug.xcconfig"; path = "Pods/Target Support Files/Pods-Thien AssignmentUITests/Pods-Thien AssignmentUITests.debug.xcconfig"; sourceTree = "<group>"; };
		C2848BDD20E9DE3A0097181D /* CustomFlowLayout.swift */ = {isa = PBXFileReference; lastKnownFileType = sourcecode.swift; path = CustomFlowLayout.swift; sourceTree = "<group>"; };
		C2848BDF20EA00E80097181D /* README.md */ = {isa = PBXFileReference; lastKnownFileType = net.daringfireball.markdown; path = README.md; sourceTree = "<group>"; };
		C2B79D8120E910590026385E /* ApplicationScheme.swift */ = {isa = PBXFileReference; lastKnownFileType = sourcecode.swift; path = ApplicationScheme.swift; sourceTree = "<group>"; };
		C2B79D8320E92F340026385E /* ProductCell.swift */ = {isa = PBXFileReference; lastKnownFileType = sourcecode.swift; path = ProductCell.swift; sourceTree = "<group>"; };
		C2B79D8520E938430026385E /* Product.swift */ = {isa = PBXFileReference; lastKnownFileType = sourcecode.swift; path = Product.swift; sourceTree = "<group>"; };
		C2B79D8A20E93A050026385E /* ProviderHelper.swift */ = {isa = PBXFileReference; lastKnownFileType = sourcecode.swift; path = ProviderHelper.swift; sourceTree = "<group>"; };
		C2B79D8C20E93A460026385E /* ProductProvider.swift */ = {isa = PBXFileReference; lastKnownFileType = sourcecode.swift; path = ProductProvider.swift; sourceTree = "<group>"; };
		C2B79D9220E99A5D0026385E /* ProductViewModel.swift */ = {isa = PBXFileReference; lastKnownFileType = sourcecode.swift; path = ProductViewModel.swift; sourceTree = "<group>"; };
		C2D9423E20E90B4F007AB489 /* Thien Assignment.app */ = {isa = PBXFileReference; explicitFileType = wrapper.application; includeInIndex = 0; path = "Thien Assignment.app"; sourceTree = BUILT_PRODUCTS_DIR; };
		C2D9424120E90B4F007AB489 /* AppDelegate.swift */ = {isa = PBXFileReference; lastKnownFileType = sourcecode.swift; path = AppDelegate.swift; sourceTree = "<group>"; };
		C2D9424320E90B4F007AB489 /* HomeViewController.swift */ = {isa = PBXFileReference; lastKnownFileType = sourcecode.swift; path = HomeViewController.swift; sourceTree = "<group>"; };
		C2D9424620E90B4F007AB489 /* Base */ = {isa = PBXFileReference; lastKnownFileType = file.storyboard; name = Base; path = Base.lproj/Main.storyboard; sourceTree = "<group>"; };
		C2D9424820E90B52007AB489 /* Assets.xcassets */ = {isa = PBXFileReference; lastKnownFileType = folder.assetcatalog; path = Assets.xcassets; sourceTree = "<group>"; };
		C2D9424B20E90B52007AB489 /* Base */ = {isa = PBXFileReference; lastKnownFileType = file.storyboard; name = Base; path = Base.lproj/LaunchScreen.storyboard; sourceTree = "<group>"; };
		C2D9424D20E90B52007AB489 /* Info.plist */ = {isa = PBXFileReference; lastKnownFileType = text.plist.xml; path = Info.plist; sourceTree = "<group>"; };
		C2D9425220E90B52007AB489 /* Thien AssignmentTests.xctest */ = {isa = PBXFileReference; explicitFileType = wrapper.cfbundle; includeInIndex = 0; path = "Thien AssignmentTests.xctest"; sourceTree = BUILT_PRODUCTS_DIR; };
		C2D9425620E90B52007AB489 /* Thien_AssignmentTests.swift */ = {isa = PBXFileReference; lastKnownFileType = sourcecode.swift; path = Thien_AssignmentTests.swift; sourceTree = "<group>"; };
		C2D9425820E90B52007AB489 /* Info.plist */ = {isa = PBXFileReference; lastKnownFileType = text.plist.xml; path = Info.plist; sourceTree = "<group>"; };
		C2D9425D20E90B52007AB489 /* Thien AssignmentUITests.xctest */ = {isa = PBXFileReference; explicitFileType = wrapper.cfbundle; includeInIndex = 0; path = "Thien AssignmentUITests.xctest"; sourceTree = BUILT_PRODUCTS_DIR; };
		C2D9426120E90B52007AB489 /* Thien_AssignmentUITests.swift */ = {isa = PBXFileReference; lastKnownFileType = sourcecode.swift; path = Thien_AssignmentUITests.swift; sourceTree = "<group>"; };
		C2D9426320E90B52007AB489 /* Info.plist */ = {isa = PBXFileReference; lastKnownFileType = text.plist.xml; path = Info.plist; sourceTree = "<group>"; };
		F556DC6DFB3EEDF8EDF0BD35 /* Pods-Thien AssignmentTests.debug.xcconfig */ = {isa = PBXFileReference; includeInIndex = 1; lastKnownFileType = text.xcconfig; name = "Pods-Thien AssignmentTests.debug.xcconfig"; path = "Pods/Target Support Files/Pods-Thien AssignmentTests/Pods-Thien AssignmentTests.debug.xcconfig"; sourceTree = "<group>"; };
/* End PBXFileReference section */

/* Begin PBXFrameworksBuildPhase section */
		C2D9423B20E90B4F007AB489 /* Frameworks */ = {
			isa = PBXFrameworksBuildPhase;
			buildActionMask = 2147483647;
			files = (
				12638A3BA5676BD46057DE6B /* Pods_Thien_Assignment.framework in Frameworks */,
			);
			runOnlyForDeploymentPostprocessing = 0;
		};
		C2D9424F20E90B52007AB489 /* Frameworks */ = {
			isa = PBXFrameworksBuildPhase;
			buildActionMask = 2147483647;
			files = (
				64EB781939AC462EFD319054 /* Pods_Thien_AssignmentTests.framework in Frameworks */,
			);
			runOnlyForDeploymentPostprocessing = 0;
		};
		C2D9425A20E90B52007AB489 /* Frameworks */ = {
			isa = PBXFrameworksBuildPhase;
			buildActionMask = 2147483647;
			files = (
				D113F38685ACAF000F9D7DF8 /* Pods_Thien_AssignmentUITests.framework in Frameworks */,
			);
			runOnlyForDeploymentPostprocessing = 0;
		};
/* End PBXFrameworksBuildPhase section */

/* Begin PBXGroup section */
		039097AD821DD279CC6A06B0 /* Frameworks */ = {
			isa = PBXGroup;
			children = (
				04FFB3D0AB39C9AEAEA13135 /* Pods_Thien_Assignment.framework */,
				0DBF48CB40B3F83DA687CA2E /* Pods_Thien_AssignmentTests.framework */,
				28E1DD4FBD6EA831471E26AD /* Pods_Thien_AssignmentUITests.framework */,
			);
			name = Frameworks;
			sourceTree = "<group>";
		};
		63FB26CFE48BFD4424B5BF26 /* Pods */ = {
			isa = PBXGroup;
			children = (
				436496BC9CF9B68FDE9B521B /* Pods-Thien Assignment.debug.xcconfig */,
				7509205B8097D210F15048AA /* Pods-Thien Assignment.release.xcconfig */,
				F556DC6DFB3EEDF8EDF0BD35 /* Pods-Thien AssignmentTests.debug.xcconfig */,
				53F074CEBC4AC7D0F64E573C /* Pods-Thien AssignmentTests.release.xcconfig */,
				A1669A93CCDBFE44707D6F70 /* Pods-Thien AssignmentUITests.debug.xcconfig */,
				92E6C65A5D558FBD3EF1F579 /* Pods-Thien AssignmentUITests.release.xcconfig */,
			);
			name = Pods;
			sourceTree = "<group>";
		};
		C2B79D8020E90D990026385E /* Resource */ = {
			isa = PBXGroup;
			children = (
				C2D9424820E90B52007AB489 /* Assets.xcassets */,
			);
			path = Resource;
			sourceTree = "<group>";
		};
		C2B79D8920E939F70026385E /* Provider */ = {
			isa = PBXGroup;
			children = (
				C2B79D8A20E93A050026385E /* ProviderHelper.swift */,
				C2B79D8C20E93A460026385E /* ProductProvider.swift */,
			);
			path = Provider;
			sourceTree = "<group>";
		};
		C2D9423520E90B4F007AB489 = {
			isa = PBXGroup;
			children = (
				C2848BDF20EA00E80097181D /* README.md */,
				C2D9424020E90B4F007AB489 /* Thien Assignment */,
				C2D9425520E90B52007AB489 /* Thien AssignmentTests */,
				C2D9426020E90B52007AB489 /* Thien AssignmentUITests */,
				C2D9423F20E90B4F007AB489 /* Products */,
				63FB26CFE48BFD4424B5BF26 /* Pods */,
				039097AD821DD279CC6A06B0 /* Frameworks */,
			);
			sourceTree = "<group>";
		};
		C2D9423F20E90B4F007AB489 /* Products */ = {
			isa = PBXGroup;
			children = (
				C2D9423E20E90B4F007AB489 /* Thien Assignment.app */,
				C2D9425220E90B52007AB489 /* Thien AssignmentTests.xctest */,
				C2D9425D20E90B52007AB489 /* Thien AssignmentUITests.xctest */,
			);
			name = Products;
			sourceTree = "<group>";
		};
		C2D9424020E90B4F007AB489 /* Thien Assignment */ = {
			isa = PBXGroup;
			children = (
				C2D9426F20E90C1F007AB489 /* App */,
				C2D9427020E90C31007AB489 /* Storyboard */,
				C2B79D8020E90D990026385E /* Resource */,
				C2D9424D20E90B52007AB489 /* Info.plist */,
			);
			path = "Thien Assignment";
			sourceTree = "<group>";
		};
		C2D9425520E90B52007AB489 /* Thien AssignmentTests */ = {
			isa = PBXGroup;
			children = (
				C2D9425620E90B52007AB489 /* Thien_AssignmentTests.swift */,
				C2D9425820E90B52007AB489 /* Info.plist */,
			);
			path = "Thien AssignmentTests";
			sourceTree = "<group>";
		};
		C2D9426020E90B52007AB489 /* Thien AssignmentUITests */ = {
			isa = PBXGroup;
			children = (
				C2D9426120E90B52007AB489 /* Thien_AssignmentUITests.swift */,
				C2D9426320E90B52007AB489 /* Info.plist */,
			);
			path = "Thien AssignmentUITests";
			sourceTree = "<group>";
		};
		C2D9426F20E90C1F007AB489 /* App */ = {
			isa = PBXGroup;
			children = (
				C2D9427520E90C9D007AB489 /* Model */,
				C2D9427120E90C52007AB489 /* View */,
				C2D9427320E90C61007AB489 /* ViewModel */,
				C2D9427220E90C57007AB489 /* ViewController */,
				C2D9427420E90C6B007AB489 /* Service */,
				C2D9424120E90B4F007AB489 /* AppDelegate.swift */,
				C2B79D8120E910590026385E /* ApplicationScheme.swift */,
			);
			path = App;
			sourceTree = "<group>";
		};
		C2D9427020E90C31007AB489 /* Storyboard */ = {
			isa = PBXGroup;
			children = (
				C2D9424A20E90B52007AB489 /* LaunchScreen.storyboard */,
				C2D9424520E90B4F007AB489 /* Main.storyboard */,
			);
			path = Storyboard;
			sourceTree = "<group>";
		};
		C2D9427120E90C52007AB489 /* View */ = {
			isa = PBXGroup;
			children = (
				C2B79D8320E92F340026385E /* ProductCell.swift */,
				C2848BDD20E9DE3A0097181D /* CustomFlowLayout.swift */,
			);
			path = View;
			sourceTree = "<group>";
		};
		C2D9427220E90C57007AB489 /* ViewController */ = {
			isa = PBXGroup;
			children = (
				C2D9424320E90B4F007AB489 /* HomeViewController.swift */,
			);
			path = ViewController;
			sourceTree = "<group>";
		};
		C2D9427320E90C61007AB489 /* ViewModel */ = {
			isa = PBXGroup;
			children = (
				C2B79D9220E99A5D0026385E /* ProductViewModel.swift */,
			);
			path = ViewModel;
			sourceTree = "<group>";
		};
		C2D9427420E90C6B007AB489 /* Service */ = {
			isa = PBXGroup;
			children = (
				C2B79D8920E939F70026385E /* Provider */,
			);
			path = Service;
			sourceTree = "<group>";
		};
		C2D9427520E90C9D007AB489 /* Model */ = {
			isa = PBXGroup;
			children = (
				C2B79D8520E938430026385E /* Product.swift */,
			);
			path = Model;
			sourceTree = "<group>";
		};
/* End PBXGroup section */

/* Begin PBXNativeTarget section */
		C2D9423D20E90B4F007AB489 /* Thien Assignment */ = {
			isa = PBXNativeTarget;
			buildConfigurationList = C2D9426620E90B52007AB489 /* Build configuration list for PBXNativeTarget "Thien Assignment" */;
			buildPhases = (
				EF0C8ECE7528F6D970C82CDC /* [CP] Check Pods Manifest.lock */,
				C2D9423A20E90B4F007AB489 /* Sources */,
				C2D9423B20E90B4F007AB489 /* Frameworks */,
				C2D9423C20E90B4F007AB489 /* Resources */,
				7C1D7558B69108184754186F /* [CP] Embed Pods Frameworks */,
			);
			buildRules = (
			);
			dependencies = (
			);
			name = "Thien Assignment";
			productName = "Thien Assignment";
			productReference = C2D9423E20E90B4F007AB489 /* Thien Assignment.app */;
			productType = "com.apple.product-type.application";
		};
		C2D9425120E90B52007AB489 /* Thien AssignmentTests */ = {
			isa = PBXNativeTarget;
			buildConfigurationList = C2D9426920E90B52007AB489 /* Build configuration list for PBXNativeTarget "Thien AssignmentTests" */;
			buildPhases = (
				3A060A0F4401A2511142C8F8 /* [CP] Check Pods Manifest.lock */,
				C2D9424E20E90B52007AB489 /* Sources */,
				C2D9424F20E90B52007AB489 /* Frameworks */,
				C2D9425020E90B52007AB489 /* Resources */,
				BE1611A82A1198F0000BDA1B /* [CP] Embed Pods Frameworks */,
			);
			buildRules = (
			);
			dependencies = (
				C2D9425420E90B52007AB489 /* PBXTargetDependency */,
			);
			name = "Thien AssignmentTests";
			productName = "Thien AssignmentTests";
			productReference = C2D9425220E90B52007AB489 /* Thien AssignmentTests.xctest */;
			productType = "com.apple.product-type.bundle.unit-test";
		};
		C2D9425C20E90B52007AB489 /* Thien AssignmentUITests */ = {
			isa = PBXNativeTarget;
			buildConfigurationList = C2D9426C20E90B52007AB489 /* Build configuration list for PBXNativeTarget "Thien AssignmentUITests" */;
			buildPhases = (
				E8199C39F87233F19B7D5DAB /* [CP] Check Pods Manifest.lock */,
				C2D9425920E90B52007AB489 /* Sources */,
				C2D9425A20E90B52007AB489 /* Frameworks */,
				C2D9425B20E90B52007AB489 /* Resources */,
			);
			buildRules = (
			);
			dependencies = (
				C2D9425F20E90B52007AB489 /* PBXTargetDependency */,
			);
			name = "Thien AssignmentUITests";
			productName = "Thien AssignmentUITests";
			productReference = C2D9425D20E90B52007AB489 /* Thien AssignmentUITests.xctest */;
			productType = "com.apple.product-type.bundle.ui-testing";
		};
/* End PBXNativeTarget section */

/* Begin PBXProject section */
		C2D9423620E90B4F007AB489 /* Project object */ = {
			isa = PBXProject;
			attributes = {
				LastSwiftUpdateCheck = 0940;
				LastUpgradeCheck = 0940;
				ORGANIZATIONNAME = Zincer;
				TargetAttributes = {
					C2D9423D20E90B4F007AB489 = {
						CreatedOnToolsVersion = 9.4.1;
					};
					C2D9425120E90B52007AB489 = {
						CreatedOnToolsVersion = 9.4.1;
						TestTargetID = C2D9423D20E90B4F007AB489;
					};
					C2D9425C20E90B52007AB489 = {
						CreatedOnToolsVersion = 9.4.1;
						TestTargetID = C2D9423D20E90B4F007AB489;
					};
				};
			};
			buildConfigurationList = C2D9423920E90B4F007AB489 /* Build configuration list for PBXProject "Thien Assignment" */;
			compatibilityVersion = "Xcode 9.3";
			developmentRegion = en;
			hasScannedForEncodings = 0;
			knownRegions = (
				en,
				Base,
			);
			mainGroup = C2D9423520E90B4F007AB489;
			productRefGroup = C2D9423F20E90B4F007AB489 /* Products */;
			projectDirPath = "";
			projectRoot = "";
			targets = (
				C2D9423D20E90B4F007AB489 /* Thien Assignment */,
				C2D9425120E90B52007AB489 /* Thien AssignmentTests */,
				C2D9425C20E90B52007AB489 /* Thien AssignmentUITests */,
			);
		};
/* End PBXProject section */

/* Begin PBXResourcesBuildPhase section */
		C2D9423C20E90B4F007AB489 /* Resources */ = {
			isa = PBXResourcesBuildPhase;
			buildActionMask = 2147483647;
			files = (
				C2D9424C20E90B52007AB489 /* LaunchScreen.storyboard in Resources */,
				C2D9424920E90B52007AB489 /* Assets.xcassets in Resources */,
				C2D9424720E90B4F007AB489 /* Main.storyboard in Resources */,
			);
			runOnlyForDeploymentPostprocessing = 0;
		};
		C2D9425020E90B52007AB489 /* Resources */ = {
			isa = PBXResourcesBuildPhase;
			buildActionMask = 2147483647;
			files = (
			);
			runOnlyForDeploymentPostprocessing = 0;
		};
		C2D9425B20E90B52007AB489 /* Resources */ = {
			isa = PBXResourcesBuildPhase;
			buildActionMask = 2147483647;
			files = (
			);
			runOnlyForDeploymentPostprocessing = 0;
		};
/* End PBXResourcesBuildPhase section */

/* Begin PBXShellScriptBuildPhase section */
		3A060A0F4401A2511142C8F8 /* [CP] Check Pods Manifest.lock */ = {
			isa = PBXShellScriptBuildPhase;
			buildActionMask = 2147483647;
			files = (
			);
			inputPaths = (
				"${PODS_PODFILE_DIR_PATH}/Podfile.lock",
				"${PODS_ROOT}/Manifest.lock",
			);
			name = "[CP] Check Pods Manifest.lock";
			outputPaths = (
				"$(DERIVED_FILE_DIR)/Pods-Thien AssignmentTests-checkManifestLockResult.txt",
			);
			runOnlyForDeploymentPostprocessing = 0;
			shellPath = /bin/sh;
			shellScript = "diff \"${PODS_PODFILE_DIR_PATH}/Podfile.lock\" \"${PODS_ROOT}/Manifest.lock\" > /dev/null\nif [ $? != 0 ] ; then\n    # print error to STDERR\n    echo \"error: The sandbox is not in sync with the Podfile.lock. Run 'pod install' or update your CocoaPods installation.\" >&2\n    exit 1\nfi\n# This output is used by Xcode 'outputs' to avoid re-running this script phase.\necho \"SUCCESS\" > \"${SCRIPT_OUTPUT_FILE_0}\"\n";
			showEnvVarsInLog = 0;
		};
		7C1D7558B69108184754186F /* [CP] Embed Pods Frameworks */ = {
			isa = PBXShellScriptBuildPhase;
			buildActionMask = 2147483647;
			files = (
			);
			inputPaths = (
				"${SRCROOT}/Pods/Target Support Files/Pods-Thien Assignment/Pods-Thien Assignment-frameworks.sh",
				"${BUILT_PRODUCTS_DIR}/Alamofire/Alamofire.framework",
				"${BUILT_PRODUCTS_DIR}/Kingfisher/Kingfisher.framework",
				"${BUILT_PRODUCTS_DIR}/MDFInternationalization/MDFInternationalization.framework",
				"${BUILT_PRODUCTS_DIR}/MDFTextAccessibility/MDFTextAccessibility.framework",
				"${BUILT_PRODUCTS_DIR}/MaterialComponents/MaterialComponents.framework",
				"${BUILT_PRODUCTS_DIR}/MotionAnimator/MotionAnimator.framework",
				"${BUILT_PRODUCTS_DIR}/MotionInterchange/MotionInterchange.framework",
				"${BUILT_PRODUCTS_DIR}/MotionTransitioning/MotionTransitioning.framework",
				"${BUILT_PRODUCTS_DIR}/Moya/Moya.framework",
				"${BUILT_PRODUCTS_DIR}/Parchment/Parchment.framework",
				"${BUILT_PRODUCTS_DIR}/Result/Result.framework",
				"${BUILT_PRODUCTS_DIR}/RxCocoa/RxCocoa.framework",
				"${BUILT_PRODUCTS_DIR}/RxSwift/RxSwift.framework",
			);
			name = "[CP] Embed Pods Frameworks";
			outputPaths = (
				"${TARGET_BUILD_DIR}/${FRAMEWORKS_FOLDER_PATH}/Alamofire.framework",
				"${TARGET_BUILD_DIR}/${FRAMEWORKS_FOLDER_PATH}/Kingfisher.framework",
				"${TARGET_BUILD_DIR}/${FRAMEWORKS_FOLDER_PATH}/MDFInternationalization.framework",
				"${TARGET_BUILD_DIR}/${FRAMEWORKS_FOLDER_PATH}/MDFTextAccessibility.framework",
				"${TARGET_BUILD_DIR}/${FRAMEWORKS_FOLDER_PATH}/MaterialComponents.framework",
				"${TARGET_BUILD_DIR}/${FRAMEWORKS_FOLDER_PATH}/MotionAnimator.framework",
				"${TARGET_BUILD_DIR}/${FRAMEWORKS_FOLDER_PATH}/MotionInterchange.framework",
				"${TARGET_BUILD_DIR}/${FRAMEWORKS_FOLDER_PATH}/MotionTransitioning.framework",
				"${TARGET_BUILD_DIR}/${FRAMEWORKS_FOLDER_PATH}/Moya.framework",
				"${TARGET_BUILD_DIR}/${FRAMEWORKS_FOLDER_PATH}/Parchment.framework",
				"${TARGET_BUILD_DIR}/${FRAMEWORKS_FOLDER_PATH}/Result.framework",
				"${TARGET_BUILD_DIR}/${FRAMEWORKS_FOLDER_PATH}/RxCocoa.framework",
				"${TARGET_BUILD_DIR}/${FRAMEWORKS_FOLDER_PATH}/RxSwift.framework",
			);
			runOnlyForDeploymentPostprocessing = 0;
			shellPath = /bin/sh;
			shellScript = "\"${SRCROOT}/Pods/Target Support Files/Pods-Thien Assignment/Pods-Thien Assignment-frameworks.sh\"\n";
			showEnvVarsInLog = 0;
		};
		BE1611A82A1198F0000BDA1B /* [CP] Embed Pods Frameworks */ = {
			isa = PBXShellScriptBuildPhase;
			buildActionMask = 2147483647;
			files = (
			);
			inputPaths = (
				"${SRCROOT}/Pods/Target Support Files/Pods-Thien AssignmentTests/Pods-Thien AssignmentTests-frameworks.sh",
				"${BUILT_PRODUCTS_DIR}/RxSwift/RxSwift.framework",
				"${BUILT_PRODUCTS_DIR}/RxBlocking/RxBlocking.framework",
				"${BUILT_PRODUCTS_DIR}/RxTest/RxTest.framework",
			);
			name = "[CP] Embed Pods Frameworks";
			outputPaths = (
				"${TARGET_BUILD_DIR}/${FRAMEWORKS_FOLDER_PATH}/RxSwift.framework",
				"${TARGET_BUILD_DIR}/${FRAMEWORKS_FOLDER_PATH}/RxBlocking.framework",
				"${TARGET_BUILD_DIR}/${FRAMEWORKS_FOLDER_PATH}/RxTest.framework",
			);
			runOnlyForDeploymentPostprocessing = 0;
			shellPath = /bin/sh;
			shellScript = "\"${SRCROOT}/Pods/Target Support Files/Pods-Thien AssignmentTests/Pods-Thien AssignmentTests-frameworks.sh\"\n";
			showEnvVarsInLog = 0;
		};
		E8199C39F87233F19B7D5DAB /* [CP] Check Pods Manifest.lock */ = {
			isa = PBXShellScriptBuildPhase;
			buildActionMask = 2147483647;
			files = (
			);
			inputPaths = (
				"${PODS_PODFILE_DIR_PATH}/Podfile.lock",
				"${PODS_ROOT}/Manifest.lock",
			);
			name = "[CP] Check Pods Manifest.lock";
			outputPaths = (
				"$(DERIVED_FILE_DIR)/Pods-Thien AssignmentUITests-checkManifestLockResult.txt",
			);
			runOnlyForDeploymentPostprocessing = 0;
			shellPath = /bin/sh;
			shellScript = "diff \"${PODS_PODFILE_DIR_PATH}/Podfile.lock\" \"${PODS_ROOT}/Manifest.lock\" > /dev/null\nif [ $? != 0 ] ; then\n    # print error to STDERR\n    echo \"error: The sandbox is not in sync with the Podfile.lock. Run 'pod install' or update your CocoaPods installation.\" >&2\n    exit 1\nfi\n# This output is used by Xcode 'outputs' to avoid re-running this script phase.\necho \"SUCCESS\" > \"${SCRIPT_OUTPUT_FILE_0}\"\n";
			showEnvVarsInLog = 0;
		};
		EF0C8ECE7528F6D970C82CDC /* [CP] Check Pods Manifest.lock */ = {
			isa = PBXShellScriptBuildPhase;
			buildActionMask = 2147483647;
			files = (
			);
			inputPaths = (
				"${PODS_PODFILE_DIR_PATH}/Podfile.lock",
				"${PODS_ROOT}/Manifest.lock",
			);
			name = "[CP] Check Pods Manifest.lock";
			outputPaths = (
				"$(DERIVED_FILE_DIR)/Pods-Thien Assignment-checkManifestLockResult.txt",
			);
			runOnlyForDeploymentPostprocessing = 0;
			shellPath = /bin/sh;
			shellScript = "diff \"${PODS_PODFILE_DIR_PATH}/Podfile.lock\" \"${PODS_ROOT}/Manifest.lock\" > /dev/null\nif [ $? != 0 ] ; then\n    # print error to STDERR\n    echo \"error: The sandbox is not in sync with the Podfile.lock. Run 'pod install' or update your CocoaPods installation.\" >&2\n    exit 1\nfi\n# This output is used by Xcode 'outputs' to avoid re-running this script phase.\necho \"SUCCESS\" > \"${SCRIPT_OUTPUT_FILE_0}\"\n";
			showEnvVarsInLog = 0;
		};
/* End PBXShellScriptBuildPhase section */

/* Begin PBXSourcesBuildPhase section */
		C2D9423A20E90B4F007AB489 /* Sources */ = {
			isa = PBXSourcesBuildPhase;
			buildActionMask = 2147483647;
			files = (
				C2B79D8B20E93A050026385E /* ProviderHelper.swift in Sources */,
				C2D9424420E90B4F007AB489 /* HomeViewController.swift in Sources */,
				C2B79D8420E92F340026385E /* ProductCell.swift in Sources */,
				C2B79D8D20E93A460026385E /* ProductProvider.swift in Sources */,
				C2B79D9320E99A5D0026385E /* ProductViewModel.swift in Sources */,
				C2B79D8620E938430026385E /* Product.swift in Sources */,
				C2B79D8220E910590026385E /* ApplicationScheme.swift in Sources */,
				C2848BDE20E9DE3A0097181D /* CustomFlowLayout.swift in Sources */,
				C2D9424220E90B4F007AB489 /* AppDelegate.swift in Sources */,
			);
			runOnlyForDeploymentPostprocessing = 0;
		};
		C2D9424E20E90B52007AB489 /* Sources */ = {
			isa = PBXSourcesBuildPhase;
			buildActionMask = 2147483647;
			files = (
				C2D9425720E90B52007AB489 /* Thien_AssignmentTests.swift in Sources */,
			);
			runOnlyForDeploymentPostprocessing = 0;
		};
		C2D9425920E90B52007AB489 /* Sources */ = {
			isa = PBXSourcesBuildPhase;
			buildActionMask = 2147483647;
			files = (
				C2D9426220E90B52007AB489 /* Thien_AssignmentUITests.swift in Sources */,
			);
			runOnlyForDeploymentPostprocessing = 0;
		};
/* End PBXSourcesBuildPhase section */

/* Begin PBXTargetDependency section */
		C2D9425420E90B52007AB489 /* PBXTargetDependency */ = {
			isa = PBXTargetDependency;
			target = C2D9423D20E90B4F007AB489 /* Thien Assignment */;
			targetProxy = C2D9425320E90B52007AB489 /* PBXContainerItemProxy */;
		};
		C2D9425F20E90B52007AB489 /* PBXTargetDependency */ = {
			isa = PBXTargetDependency;
			target = C2D9423D20E90B4F007AB489 /* Thien Assignment */;
			targetProxy = C2D9425E20E90B52007AB489 /* PBXContainerItemProxy */;
		};
/* End PBXTargetDependency section */

/* Begin PBXVariantGroup section */
		C2D9424520E90B4F007AB489 /* Main.storyboard */ = {
			isa = PBXVariantGroup;
			children = (
				C2D9424620E90B4F007AB489 /* Base */,
			);
			name = Main.storyboard;
			sourceTree = "<group>";
		};
		C2D9424A20E90B52007AB489 /* LaunchScreen.storyboard */ = {
			isa = PBXVariantGroup;
			children = (
				C2D9424B20E90B52007AB489 /* Base */,
			);
			name = LaunchScreen.storyboard;
			sourceTree = "<group>";
		};
/* End PBXVariantGroup section */

/* Begin XCBuildConfiguration section */
		C2D9426420E90B52007AB489 /* Debug */ = {
			isa = XCBuildConfiguration;
			buildSettings = {
				ALWAYS_SEARCH_USER_PATHS = NO;
				CLANG_ANALYZER_NONNULL = YES;
				CLANG_ANALYZER_NUMBER_OBJECT_CONVERSION = YES_AGGRESSIVE;
				CLANG_CXX_LANGUAGE_STANDARD = "gnu++14";
				CLANG_CXX_LIBRARY = "libc++";
				CLANG_ENABLE_MODULES = YES;
				CLANG_ENABLE_OBJC_ARC = YES;
				CLANG_ENABLE_OBJC_WEAK = YES;
				CLANG_WARN_BLOCK_CAPTURE_AUTORELEASING = YES;
				CLANG_WARN_BOOL_CONVERSION = YES;
				CLANG_WARN_COMMA = YES;
				CLANG_WARN_CONSTANT_CONVERSION = YES;
				CLANG_WARN_DEPRECATED_OBJC_IMPLEMENTATIONS = YES;
				CLANG_WARN_DIRECT_OBJC_ISA_USAGE = YES_ERROR;
				CLANG_WARN_DOCUMENTATION_COMMENTS = YES;
				CLANG_WARN_EMPTY_BODY = YES;
				CLANG_WARN_ENUM_CONVERSION = YES;
				CLANG_WARN_INFINITE_RECURSION = YES;
				CLANG_WARN_INT_CONVERSION = YES;
				CLANG_WARN_NON_LITERAL_NULL_CONVERSION = YES;
				CLANG_WARN_OBJC_IMPLICIT_RETAIN_SELF = YES;
				CLANG_WARN_OBJC_LITERAL_CONVERSION = YES;
				CLANG_WARN_OBJC_ROOT_CLASS = YES_ERROR;
				CLANG_WARN_RANGE_LOOP_ANALYSIS = YES;
				CLANG_WARN_STRICT_PROTOTYPES = YES;
				CLANG_WARN_SUSPICIOUS_MOVE = YES;
				CLANG_WARN_UNGUARDED_AVAILABILITY = YES_AGGRESSIVE;
				CLANG_WARN_UNREACHABLE_CODE = YES;
				CLANG_WARN__DUPLICATE_METHOD_MATCH = YES;
				CODE_SIGN_IDENTITY = "iPhone Developer";
				COPY_PHASE_STRIP = NO;
				DEBUG_INFORMATION_FORMAT = dwarf;
				ENABLE_STRICT_OBJC_MSGSEND = YES;
				ENABLE_TESTABILITY = YES;
				GCC_C_LANGUAGE_STANDARD = gnu11;
				GCC_DYNAMIC_NO_PIC = NO;
				GCC_NO_COMMON_BLOCKS = YES;
				GCC_OPTIMIZATION_LEVEL = 0;
				GCC_PREPROCESSOR_DEFINITIONS = (
					"DEBUG=1",
					"$(inherited)",
				);
				GCC_WARN_64_TO_32_BIT_CONVERSION = YES;
				GCC_WARN_ABOUT_RETURN_TYPE = YES_ERROR;
				GCC_WARN_UNDECLARED_SELECTOR = YES;
				GCC_WARN_UNINITIALIZED_AUTOS = YES_AGGRESSIVE;
				GCC_WARN_UNUSED_FUNCTION = YES;
				GCC_WARN_UNUSED_VARIABLE = YES;
				IPHONEOS_DEPLOYMENT_TARGET = 11.4;
				MTL_ENABLE_DEBUG_INFO = YES;
				ONLY_ACTIVE_ARCH = YES;
				SDKROOT = iphoneos;
				SWIFT_ACTIVE_COMPILATION_CONDITIONS = DEBUG;
				SWIFT_OPTIMIZATION_LEVEL = "-Onone";
			};
			name = Debug;
		};
		C2D9426520E90B52007AB489 /* Release */ = {
			isa = XCBuildConfiguration;
			buildSettings = {
				ALWAYS_SEARCH_USER_PATHS = NO;
				CLANG_ANALYZER_NONNULL = YES;
				CLANG_ANALYZER_NUMBER_OBJECT_CONVERSION = YES_AGGRESSIVE;
				CLANG_CXX_LANGUAGE_STANDARD = "gnu++14";
				CLANG_CXX_LIBRARY = "libc++";
				CLANG_ENABLE_MODULES = YES;
				CLANG_ENABLE_OBJC_ARC = YES;
				CLANG_ENABLE_OBJC_WEAK = YES;
				CLANG_WARN_BLOCK_CAPTURE_AUTORELEASING = YES;
				CLANG_WARN_BOOL_CONVERSION = YES;
				CLANG_WARN_COMMA = YES;
				CLANG_WARN_CONSTANT_CONVERSION = YES;
				CLANG_WARN_DEPRECATED_OBJC_IMPLEMENTATIONS = YES;
				CLANG_WARN_DIRECT_OBJC_ISA_USAGE = YES_ERROR;
				CLANG_WARN_DOCUMENTATION_COMMENTS = YES;
				CLANG_WARN_EMPTY_BODY = YES;
				CLANG_WARN_ENUM_CONVERSION = YES;
				CLANG_WARN_INFINITE_RECURSION = YES;
				CLANG_WARN_INT_CONVERSION = YES;
				CLANG_WARN_NON_LITERAL_NULL_CONVERSION = YES;
				CLANG_WARN_OBJC_IMPLICIT_RETAIN_SELF = YES;
				CLANG_WARN_OBJC_LITERAL_CONVERSION = YES;
				CLANG_WARN_OBJC_ROOT_CLASS = YES_ERROR;
				CLANG_WARN_RANGE_LOOP_ANALYSIS = YES;
				CLANG_WARN_STRICT_PROTOTYPES = YES;
				CLANG_WARN_SUSPICIOUS_MOVE = YES;
				CLANG_WARN_UNGUARDED_AVAILABILITY = YES_AGGRESSIVE;
				CLANG_WARN_UNREACHABLE_CODE = YES;
				CLANG_WARN__DUPLICATE_METHOD_MATCH = YES;
				CODE_SIGN_IDENTITY = "iPhone Developer";
				COPY_PHASE_STRIP = NO;
				DEBUG_INFORMATION_FORMAT = "dwarf-with-dsym";
				ENABLE_NS_ASSERTIONS = NO;
				ENABLE_STRICT_OBJC_MSGSEND = YES;
				GCC_C_LANGUAGE_STANDARD = gnu11;
				GCC_NO_COMMON_BLOCKS = YES;
				GCC_WARN_64_TO_32_BIT_CONVERSION = YES;
				GCC_WARN_ABOUT_RETURN_TYPE = YES_ERROR;
				GCC_WARN_UNDECLARED_SELECTOR = YES;
				GCC_WARN_UNINITIALIZED_AUTOS = YES_AGGRESSIVE;
				GCC_WARN_UNUSED_FUNCTION = YES;
				GCC_WARN_UNUSED_VARIABLE = YES;
				IPHONEOS_DEPLOYMENT_TARGET = 11.4;
				MTL_ENABLE_DEBUG_INFO = NO;
				SDKROOT = iphoneos;
				SWIFT_COMPILATION_MODE = wholemodule;
				SWIFT_OPTIMIZATION_LEVEL = "-O";
				VALIDATE_PRODUCT = YES;
			};
			name = Release;
		};
		C2D9426720E90B52007AB489 /* Debug */ = {
			isa = XCBuildConfiguration;
			baseConfigurationReference = 436496BC9CF9B68FDE9B521B /* Pods-Thien Assignment.debug.xcconfig */;
			buildSettings = {
				ASSETCATALOG_COMPILER_APPICON_NAME = AppIcon;
				CODE_SIGN_STYLE = Automatic;
				DEVELOPMENT_TEAM = 9S4XSSR34J;
				INFOPLIST_FILE = "$(SRCROOT)/Thien Assignment/Info.plist";
				LD_RUNPATH_SEARCH_PATHS = (
					"$(inherited)",
					"@executable_path/Frameworks",
				);
				PRODUCT_BUNDLE_IDENTIFIER = "com.zincer.Thien-Assignment";
				PRODUCT_NAME = "$(TARGET_NAME)";
				SWIFT_VERSION = 4.0;
				TARGETED_DEVICE_FAMILY = "1,2";
			};
			name = Debug;
		};
		C2D9426820E90B52007AB489 /* Release */ = {
			isa = XCBuildConfiguration;
			baseConfigurationReference = 7509205B8097D210F15048AA /* Pods-Thien Assignment.release.xcconfig */;
			buildSettings = {
				ASSETCATALOG_COMPILER_APPICON_NAME = AppIcon;
				CODE_SIGN_STYLE = Automatic;
				DEVELOPMENT_TEAM = 9S4XSSR34J;
				INFOPLIST_FILE = "$(SRCROOT)/Thien Assignment/Info.plist";
				LD_RUNPATH_SEARCH_PATHS = (
					"$(inherited)",
					"@executable_path/Frameworks",
				);
				PRODUCT_BUNDLE_IDENTIFIER = "com.zincer.Thien-Assignment";
				PRODUCT_NAME = "$(TARGET_NAME)";
				SWIFT_VERSION = 4.0;
				TARGETED_DEVICE_FAMILY = "1,2";
			};
			name = Release;
		};
		C2D9426A20E90B52007AB489 /* Debug */ = {
			isa = XCBuildConfiguration;
			baseConfigurationReference = F556DC6DFB3EEDF8EDF0BD35 /* Pods-Thien AssignmentTests.debug.xcconfig */;
			buildSettings = {
				ALWAYS_EMBED_SWIFT_STANDARD_LIBRARIES = YES;
				BUNDLE_LOADER = "$(TEST_HOST)";
				CODE_SIGN_STYLE = Automatic;
				DEVELOPMENT_TEAM = 9S4XSSR34J;
				INFOPLIST_FILE = "Thien AssignmentTests/Info.plist";
				LD_RUNPATH_SEARCH_PATHS = (
					"$(inherited)",
					"@executable_path/Frameworks",
					"@loader_path/Frameworks",
				);
				PRODUCT_BUNDLE_IDENTIFIER = "com.zincer.Thien-AssignmentTests";
				PRODUCT_NAME = "$(TARGET_NAME)";
				SWIFT_VERSION = 4.0;
				TARGETED_DEVICE_FAMILY = "1,2";
				TEST_HOST = "$(BUILT_PRODUCTS_DIR)/Thien Assignment.app/Thien Assignment";
			};
			name = Debug;
		};
		C2D9426B20E90B52007AB489 /* Release */ = {
			isa = XCBuildConfiguration;
			baseConfigurationReference = 53F074CEBC4AC7D0F64E573C /* Pods-Thien AssignmentTests.release.xcconfig */;
			buildSettings = {
				ALWAYS_EMBED_SWIFT_STANDARD_LIBRARIES = YES;
				BUNDLE_LOADER = "$(TEST_HOST)";
				CODE_SIGN_STYLE = Automatic;
				DEVELOPMENT_TEAM = 9S4XSSR34J;
				INFOPLIST_FILE = "Thien AssignmentTests/Info.plist";
				LD_RUNPATH_SEARCH_PATHS = (
					"$(inherited)",
					"@executable_path/Frameworks",
					"@loader_path/Frameworks",
				);
				PRODUCT_BUNDLE_IDENTIFIER = "com.zincer.Thien-AssignmentTests";
				PRODUCT_NAME = "$(TARGET_NAME)";
				SWIFT_VERSION = 4.0;
				TARGETED_DEVICE_FAMILY = "1,2";
				TEST_HOST = "$(BUILT_PRODUCTS_DIR)/Thien Assignment.app/Thien Assignment";
			};
			name = Release;
		};
		C2D9426D20E90B52007AB489 /* Debug */ = {
			isa = XCBuildConfiguration;
			baseConfigurationReference = A1669A93CCDBFE44707D6F70 /* Pods-Thien AssignmentUITests.debug.xcconfig */;
			buildSettings = {
				ALWAYS_EMBED_SWIFT_STANDARD_LIBRARIES = YES;
				CODE_SIGN_STYLE = Automatic;
				DEVELOPMENT_TEAM = 9S4XSSR34J;
				INFOPLIST_FILE = "Thien AssignmentUITests/Info.plist";
				LD_RUNPATH_SEARCH_PATHS = (
					"$(inherited)",
					"@executable_path/Frameworks",
					"@loader_path/Frameworks",
				);
				PRODUCT_BUNDLE_IDENTIFIER = "com.zincer.Thien-AssignmentUITests";
				PRODUCT_NAME = "$(TARGET_NAME)";
				SWIFT_VERSION = 4.0;
				TARGETED_DEVICE_FAMILY = "1,2";
				TEST_TARGET_NAME = "Thien Assignment";
			};
			name = Debug;
		};
		C2D9426E20E90B52007AB489 /* Release */ = {
			isa = XCBuildConfiguration;
			baseConfigurationReference = 92E6C65A5D558FBD3EF1F579 /* Pods-Thien AssignmentUITests.release.xcconfig */;
			buildSettings = {
				ALWAYS_EMBED_SWIFT_STANDARD_LIBRARIES = YES;
				CODE_SIGN_STYLE = Automatic;
				DEVELOPMENT_TEAM = 9S4XSSR34J;
				INFOPLIST_FILE = "Thien AssignmentUITests/Info.plist";
				LD_RUNPATH_SEARCH_PATHS = (
					"$(inherited)",
					"@executable_path/Frameworks",
					"@loader_path/Frameworks",
				);
				PRODUCT_BUNDLE_IDENTIFIER = "com.zincer.Thien-AssignmentUITests";
				PRODUCT_NAME = "$(TARGET_NAME)";
				SWIFT_VERSION = 4.0;
				TARGETED_DEVICE_FAMILY = "1,2";
				TEST_TARGET_NAME = "Thien Assignment";
			};
			name = Release;
		};
/* End XCBuildConfiguration section */

/* Begin XCConfigurationList section */
		C2D9423920E90B4F007AB489 /* Build configuration list for PBXProject "Thien Assignment" */ = {
			isa = XCConfigurationList;
			buildConfigurations = (
				C2D9426420E90B52007AB489 /* Debug */,
				C2D9426520E90B52007AB489 /* Release */,
			);
			defaultConfigurationIsVisible = 0;
			defaultConfigurationName = Release;
		};
		C2D9426620E90B52007AB489 /* Build configuration list for PBXNativeTarget "Thien Assignment" */ = {
			isa = XCConfigurationList;
			buildConfigurations = (
				C2D9426720E90B52007AB489 /* Debug */,
				C2D9426820E90B52007AB489 /* Release */,
			);
			defaultConfigurationIsVisible = 0;
			defaultConfigurationName = Release;
		};
		C2D9426920E90B52007AB489 /* Build configuration list for PBXNativeTarget "Thien AssignmentTests" */ = {
			isa = XCConfigurationList;
			buildConfigurations = (
				C2D9426A20E90B52007AB489 /* Debug */,
				C2D9426B20E90B52007AB489 /* Release */,
			);
			defaultConfigurationIsVisible = 0;
			defaultConfigurationName = Release;
		};
		C2D9426C20E90B52007AB489 /* Build configuration list for PBXNativeTarget "Thien AssignmentUITests" */ = {
			isa = XCConfigurationList;
			buildConfigurations = (
				C2D9426D20E90B52007AB489 /* Debug */,
				C2D9426E20E90B52007AB489 /* Release */,
			);
			defaultConfigurationIsVisible = 0;
			defaultConfigurationName = Release;
		};
/* End XCConfigurationList section */
	};
	rootObject = C2D9423620E90B4F007AB489 /* Project object */;
}
